
Microsoft Visual Studio Solution File, Format Version 12.00
# Visual Studio Version 17
VisualStudioVersion = 17.5.002.0
MinimumVisualStudioVersion = 10.0.40219.1
Project("{9A19103F-16F7-4668-BE54-9A1E7A4F7556}") = "Task1", "Task1.csproj", "{6039CFA9-0FEB-4B4E-8B35-E263AE6F147A}"
EndProject
Global
	GlobalSection(SolutionConfigurationPlatforms) = preSolution
		Debug|Any CPU = Debug|Any CPU
		Release|Any CPU = Release|Any CPU
	EndGlobalSection
	GlobalSection(ProjectConfigurationPlatforms) = postSolution
		{6039CFA9-0FEB-4B4E-8B35-E263AE6F147A}.Debug|Any CPU.ActiveCfg = Debug|Any CPU
		{6039CFA9-0FEB-4B4E-8B35-E263AE6F147A}.Debug|Any CPU.Build.0 = Debug|Any CPU
		{6039CFA9-0FEB-4B4E-8B35-E263AE6F147A}.Release|Any CPU.ActiveCfg = Release|Any CPU
		{6039CFA9-0FEB-4B4E-8B35-E263AE6F147A}.Release|Any CPU.Build.0 = Release|Any CPU
	EndGlobalSection
	GlobalSection(SolutionProperties) = preSolution
		HideSolutionNode = FALSE
	EndGlobalSection
	GlobalSection(ExtensibilityGlobals) = postSolution
		SolutionGuid = {DAD9D0FB-F298-4C95-B089-E59860F34AA2}
	EndGlobalSection
EndGlobal
