
Microsoft Visual Studio Solution File, Format Version 12.00
# Visual Studio Version 17
VisualStudioVersion = 17.5.002.0
MinimumVisualStudioVersion = 10.0.40219.1
Project("{9A19103F-16F7-4668-BE54-9A1E7A4F7556}") = "Seminar_Lesson_6", "Seminar_Lesson_6.csproj", "{30138E7B-8D50-4EA9-8588-CEA2F018CD9C}"
EndProject
Global
	GlobalSection(SolutionConfigurationPlatforms) = preSolution
		Debug|Any CPU = Debug|Any CPU
		Release|Any CPU = Release|Any CPU
	EndGlobalSection
	GlobalSection(ProjectConfigurationPlatforms) = postSolution
		{30138E7B-8D50-4EA9-8588-CEA2F018CD9C}.Debug|Any CPU.ActiveCfg = Debug|Any CPU
		{30138E7B-8D50-4EA9-8588-CEA2F018CD9C}.Debug|Any CPU.Build.0 = Debug|Any CPU
		{30138E7B-8D50-4EA9-8588-CEA2F018CD9C}.Release|Any CPU.ActiveCfg = Release|Any CPU
		{30138E7B-8D50-4EA9-8588-CEA2F018CD9C}.Release|Any CPU.Build.0 = Release|Any CPU
	EndGlobalSection
	GlobalSection(SolutionProperties) = preSolution
		HideSolutionNode = FALSE
	EndGlobalSection
	GlobalSection(ExtensibilityGlobals) = postSolution
		SolutionGuid = {159BF6F1-2122-4F9F-9803-AAA96A72BAB2}
	EndGlobalSection
EndGlobal
